{
  "name": "book",
  "version": "1.0.0",
  "lockfileVersion": 1,
  "requires": true,
  "dependencies": {
    "@babel/runtime": {
      "version": "7.4.5",
      "resolved": "https://registry.npmjs.org/@babel/runtime/-/runtime-7.4.5.tgz",
      "integrity": "sha512-TuI4qpWZP6lGOGIuGWtp9sPluqYICmbk8T/1vpSysqJxRPkudh/ofFWyqdcMsDf2s7KvDL4/YHgKyvcS3g9CJQ==",
      "requires": {
        "regenerator-runtime": "^0.13.2"
      }
    },
    "asap": {
      "version": "2.0.6",
      "resolved": "https://registry.npmjs.org/asap/-/asap-2.0.6.tgz",
      "integrity": "sha1-5QNHYR1+aQlDIIu9r+vLwvuGbUY="
    },
    "bluebird": {
      "version": "3.5.5",
      "resolved": "https://registry.npmjs.org/bluebird/-/bluebird-3.5.5.tgz",
      "integrity": "sha512-5am6HnnfN+urzt4yfg7IgTbotDjIT/u8AJpEt0sIU9FtXfVeezXAPKswrG+xKUCOYAINpSdgZVDU6QFh+cuH3w=="
    },
    "boolbase": {
      "version": "1.0.0",
      "resolved": "https://registry.npmjs.org/boolbase/-/boolbase-1.0.0.tgz",
      "integrity": "sha1-aN/1++YMUes3cl6p4+0xDcwed24="
    },
    "cheerio": {
      "version": "0.19.0",
      "resolved": "https://registry.npmjs.org/cheerio/-/cheerio-0.19.0.tgz",
      "integrity": "sha1-dy5wFfLuKZZQltcepBdbdas1SSU=",
      "requires": {
        "css-select": "~1.0.0",
        "dom-serializer": "~0.1.0",
        "entities": "~1.1.1",
        "htmlparser2": "~3.8.1",
        "lodash": "^3.2.0"
      }
    },
    "classnames": {
      "version": "2.2.6",
      "resolved": "https://registry.npmjs.org/classnames/-/classnames-2.2.6.tgz",
      "integrity": "sha512-JR/iSQOSt+LQIWwrwEzJ9uk0xfN3mTVYMwt1Ir5mUcSN6pU+V4zQFFaJsclJbPuAUQH+yfWef6tm7l1quW3C8Q=="
    },
    "copy-to-clipboard": {
      "version": "3.2.0",
      "resolved": "https://registry.npmjs.org/copy-to-clipboard/-/copy-to-clipboard-3.2.0.tgz",
      "integrity": "sha512-eOZERzvCmxS8HWzugj4Uxl8OJxa7T2k1Gi0X5qavwydHIfuSHq2dTD09LOg/XyGq4Zpb5IsR/2OJ5lbOegz78w==",
      "requires": {
        "toggle-selection": "^1.0.6"
      }
    },
    "core-js": {
      "version": "1.2.7",
      "resolved": "https://registry.npmjs.org/core-js/-/core-js-1.2.7.tgz",
      "integrity": "sha1-ZSKUwUZR2yj6k70tX/KYOk8IxjY="
    },
    "core-util-is": {
      "version": "1.0.2",
      "resolved": "https://registry.npmjs.org/core-util-is/-/core-util-is-1.0.2.tgz",
      "integrity": "sha1-tf1UIgqivFq1eqtxQMlAdUUDwac="
    },
    "create-react-class": {
      "version": "15.6.3",
      "resolved": "https://registry.npmjs.org/create-react-class/-/create-react-class-15.6.3.tgz",
      "integrity": "sha512-M+/3Q6E6DLO6Yx3OwrWjwHBnvfXXYA7W+dFjt/ZDBemHO1DDZhsalX/NUtnTYclN6GfnBDRh4qRHjcDHmlJBJg==",
      "requires": {
        "fbjs": "^0.8.9",
        "loose-envify": "^1.3.1",
        "object-assign": "^4.1.1"
      }
    },
    "css-select": {
      "version": "1.0.0",
      "resolved": "https://registry.npmjs.org/css-select/-/css-select-1.0.0.tgz",
      "integrity": "sha1-sRIcpRhI3SZOIkTQWM7iVN7rRLA=",
      "requires": {
        "boolbase": "~1.0.0",
        "css-what": "1.0",
        "domutils": "1.4",
        "nth-check": "~1.0.0"
      }
    },
    "css-what": {
      "version": "1.0.0",
      "resolved": "https://registry.npmjs.org/css-what/-/css-what-1.0.0.tgz",
      "integrity": "sha1-18wt9FGAZm+Z0rFEYmOUaeAPc2w="
    },
    "deep-equal": {
      "version": "1.0.1",
      "resolved": "https://registry.npmjs.org/deep-equal/-/deep-equal-1.0.1.tgz",
      "integrity": "sha1-9dJgKStmDghO/0zbyfCK0yR0SLU="
    },
    "dom-serializer": {
      "version": "0.1.1",
      "resolved": "https://registry.npmjs.org/dom-serializer/-/dom-serializer-0.1.1.tgz",
      "integrity": "sha512-l0IU0pPzLWSHBcieZbpOKgkIn3ts3vAh7ZuFyXNwJxJXk/c4Gwj9xaTJwIDVQCXawWD0qb3IzMGH5rglQaO0XA==",
      "requires": {
        "domelementtype": "^1.3.0",
        "entities": "^1.1.1"
      }
    },
    "domelementtype": {
      "version": "1.3.1",
      "resolved": "https://registry.npmjs.org/domelementtype/-/domelementtype-1.3.1.tgz",
      "integrity": "sha512-BSKB+TSpMpFI/HOxCNr1O8aMOTZ8hT3pM3GQ0w/mWRmkhEDSFJkkyzz4XQsBV44BChwGkrDfMyjVD0eA2aFV3w=="
    },
    "domhandler": {
      "version": "2.3.0",
      "resolved": "https://registry.npmjs.org/domhandler/-/domhandler-2.3.0.tgz",
      "integrity": "sha1-LeWaCCLVAn+r/28DLCsloqir5zg=",
      "requires": {
        "domelementtype": "1"
      }
    },
    "domutils": {
      "version": "1.4.3",
      "resolved": "https://registry.npmjs.org/domutils/-/domutils-1.4.3.tgz",
      "integrity": "sha1-CGVRN5bGswYDGFDhdVFrr4C3Km8=",
      "requires": {
        "domelementtype": "1"
      }
    },
    "encoding": {
      "version": "0.1.12",
      "resolved": "https://registry.npmjs.org/encoding/-/encoding-0.1.12.tgz",
      "integrity": "sha1-U4tm8+5izRq1HsMjgp0flIDHS+s=",
      "requires": {
        "iconv-lite": "~0.4.13"
      }
    },
    "entities": {
      "version": "1.1.2",
      "resolved": "https://registry.npmjs.org/entities/-/entities-1.1.2.tgz",
      "integrity": "sha512-f2LZMYl1Fzu7YSBKg+RoROelpOaNrcGmE9AZubeDfrCEia483oW4MI4VyFd5VNHIgQ/7qm1I0wUHK1eJnn2y2w=="
    },
    "exenv": {
      "version": "1.2.2",
      "resolved": "https://registry.npmjs.org/exenv/-/exenv-1.2.2.tgz",
      "integrity": "sha1-KueOhdmJQVhnCwPUe+wfA72Ru50="
    },
    "fbjs": {
      "version": "0.8.17",
      "resolved": "https://registry.npmjs.org/fbjs/-/fbjs-0.8.17.tgz",
      "integrity": "sha1-xNWY6taUkRJlPWWIsBpc3Nn5D90=",
      "requires": {
        "core-js": "^1.0.0",
        "isomorphic-fetch": "^2.1.1",
        "loose-envify": "^1.0.0",
        "object-assign": "^4.1.0",
        "promise": "^7.1.1",
        "setimmediate": "^1.0.5",
        "ua-parser-js": "^0.7.18"
      }
    },
    "get-stdin": {
      "version": "4.0.1",
      "resolved": "https://registry.npmjs.org/get-stdin/-/get-stdin-4.0.1.tgz",
      "integrity": "sha1-uWjGsKBDhDJJAui/Gl3zJXmkUP4="
    },
    "gitbook-core": {
      "version": "4.0.0-alpha.1",
      "resolved": "https://registry.npmjs.org/gitbook-core/-/gitbook-core-4.0.0-alpha.1.tgz",
      "integrity": "sha1-PFtbFK1YgSM+YI9flBt6uC6qjdk=",
      "requires": {
        "bluebird": "^3.4.6",
        "classnames": "^2.2.5",
        "entities": "^1.1.1",
        "history": "^4.3.0",
        "html-tags": "^1.1.1",
        "immutable": "^3.8.1",
        "mousetrap": "1.6.0",
        "react": "15.4.1",
        "react-addons-css-transition-group": "15.4.1",
        "react-dom": "15.4.1",
        "react-helmet": "^3.1.0",
        "react-immutable-proptypes": "^2.1.0",
        "react-intl": "^2.1.5",
        "react-redux": "^4.4.5",
        "react-safe-html": "0.4.0",
        "redux": "^3.5.2",
        "redux-thunk": "^2.1.0",
        "reflexbox": "^2.2.2",
        "whatwg-fetch": "^1.0.0"
      }
    },
    "gitbook-plugin-back-to-top-button": {
      "version": "0.1.4",
      "resolved": "https://registry.npmjs.org/gitbook-plugin-back-to-top-button/-/gitbook-plugin-back-to-top-button-0.1.4.tgz",
      "integrity": "sha1-5iGDOLDvGdWOb2YAmUNQt26ANd8="
    },
    "gitbook-plugin-copy-code": {
      "version": "4.0.0-alpha.1",
      "resolved": "https://registry.npmjs.org/gitbook-plugin-copy-code/-/gitbook-plugin-copy-code-4.0.0-alpha.1.tgz",
      "integrity": "sha1-ISC1irJtvKXO+E7fzySSm0ZbJaI=",
      "requires": {
        "copy-to-clipboard": "^3.0.5",
        "gitbook-core": "^4.0.0-alpha.1"
      }
    },
    "gitbook-plugin-fancybox": {
      "version": "3.0.1",
      "resolved": "https://registry.npmjs.org/gitbook-plugin-fancybox/-/gitbook-plugin-fancybox-3.0.1.tgz",
      "integrity": "sha1-cOvCJvUIvDV6s6wMAAVUu7SRBEU=",
      "requires": {
        "cheerio": "~0.19.0",
        "multiline": "~1.0.2",
        "underscore": "~1.8.3"
      }
    },
    "gitbook-plugin-hints": {
      "version": "1.0.2",
      "resolved": "https://registry.npmjs.org/gitbook-plugin-hints/-/gitbook-plugin-hints-1.0.2.tgz",
      "integrity": "sha1-5liZg+PqhHSfFtxjHigvr9Rew5s="
    },
    "gitbook-plugin-web-header": {
      "version": "1.1.3",
      "resolved": "https://registry.npmjs.org/gitbook-plugin-web-header/-/gitbook-plugin-web-header-1.1.3.tgz",
      "integrity": "sha1-JC9ubPJSCA6lXL5HcXZt/6hDocA="
    },
    "history": {
      "version": "4.9.0",
      "resolved": "https://registry.npmjs.org/history/-/history-4.9.0.tgz",
      "integrity": "sha512-H2DkjCjXf0Op9OAr6nJ56fcRkTSNrUiv41vNJ6IswJjif6wlpZK0BTfFbi7qK9dXLSYZxkq5lBsj3vUjlYBYZA==",
      "requires": {
        "@babel/runtime": "^7.1.2",
        "loose-envify": "^1.2.0",
        "resolve-pathname": "^2.2.0",
        "tiny-invariant": "^1.0.2",
        "tiny-warning": "^1.0.0",
        "value-equal": "^0.4.0"
      }
    },
    "hoist-non-react-statics": {
      "version": "3.3.0",
      "resolved": "https://registry.npmjs.org/hoist-non-react-statics/-/hoist-non-react-statics-3.3.0.tgz",
      "integrity": "sha512-0XsbTXxgiaCDYDIWFcwkmerZPSwywfUqYmwT4jzewKTQSWoE6FCMoUVOeBJWK3E/CrWbxRG3m5GzY4lnIwGRBA==",
      "requires": {
        "react-is": "^16.7.0"
      }
    },
    "html-entities": {
      "version": "1.2.1",
      "resolved": "https://registry.npmjs.org/html-entities/-/html-entities-1.2.1.tgz",
      "integrity": "sha1-DfKTUfByEWNRXfueVUPl9u7VFi8="
    },
    "html-tags": {
      "version": "1.2.0",
      "resolved": "https://registry.npmjs.org/html-tags/-/html-tags-1.2.0.tgz",
      "integrity": "sha1-x43mW1Zjqll5id0rerSSANfk25g="
    },
    "htmlparser2": {
      "version": "3.8.3",
      "resolved": "https://registry.npmjs.org/htmlparser2/-/htmlparser2-3.8.3.tgz",
      "integrity": "sha1-mWwosZFRaovoZQGn15dX5ccMEGg=",
      "requires": {
        "domelementtype": "1",
        "domhandler": "2.3",
        "domutils": "1.5",
        "entities": "1.0",
        "readable-stream": "1.1"
      },
      "dependencies": {
        "domutils": {
          "version": "1.5.1",
          "resolved": "https://registry.npmjs.org/domutils/-/domutils-1.5.1.tgz",
          "integrity": "sha1-3NhIiib1Y9YQeeSMn3t+Mjc2gs8=",
          "requires": {
            "dom-serializer": "0",
            "domelementtype": "1"
          }
        },
        "entities": {
          "version": "1.0.0",
          "resolved": "https://registry.npmjs.org/entities/-/entities-1.0.0.tgz",
          "integrity": "sha1-sph6o4ITR/zeZCsk/fyeT7cSvyY="
        }
      }
    },
    "iconv-lite": {
      "version": "0.4.24",
      "resolved": "https://registry.npmjs.org/iconv-lite/-/iconv-lite-0.4.24.tgz",
      "integrity": "sha512-v3MXnZAcvnywkTUEZomIActle7RXXeedOR31wwl7VlyoXO4Qi9arvSenNQWne1TcRwhCL1HwLI21bEqdpj8/rA==",
      "requires": {
        "safer-buffer": ">= 2.1.2 < 3"
      }
    },
    "immutable": {
      "version": "3.8.2",
      "resolved": "https://registry.npmjs.org/immutable/-/immutable-3.8.2.tgz",
      "integrity": "sha1-wkOZUUVbs5kT2vKBN28VMOEErfM="
    },
    "inherits": {
      "version": "2.0.3",
      "resolved": "https://registry.npmjs.org/inherits/-/inherits-2.0.3.tgz",
      "integrity": "sha1-Yzwsg+PaQqUC9SRmAiSA9CCCYd4="
    },
    "intl-format-cache": {
      "version": "2.2.4",
      "resolved": "https://registry.npmjs.org/intl-format-cache/-/intl-format-cache-2.2.4.tgz",
      "integrity": "sha512-LJngHGYj435bODDvjIaZ0PYQDi5gqxBN2exQAlfndcC2V+Q2p0iFyUwfblBoZdoVoguVjcC9vzdiLbn3uwyrng=="
    },
    "intl-messageformat": {
      "version": "2.2.0",
      "resolved": "https://registry.npmjs.org/intl-messageformat/-/intl-messageformat-2.2.0.tgz",
      "integrity": "sha1-NFvNRt5jC3aDMwwuUhd/9eq0hPw=",
      "requires": {
        "intl-messageformat-parser": "1.4.0"
      }
    },
    "intl-messageformat-parser": {
      "version": "1.4.0",
      "resolved": "https://registry.npmjs.org/intl-messageformat-parser/-/intl-messageformat-parser-1.4.0.tgz",
      "integrity": "sha1-tD1FqXRoytvkQzHXS7Ho3qRPwHU="
    },
    "intl-relativeformat": {
      "version": "2.1.3",
      "resolved": "https://registry.npmjs.org/intl-relativeformat/-/intl-relativeformat-2.1.3.tgz",
      "integrity": "sha512-ByrNB0IcqD5Y61xrxb/JRUKRiEQEyY2GDaNfEi6CEcuVV1leuJRNytlpJzTtsEYPFi93GKXG8AdmJeAt5lJfYg==",
      "requires": {
        "intl-messageformat": "^2.0.0"
      }
    },
    "invariant": {
      "version": "2.2.4",
      "resolved": "https://registry.npmjs.org/invariant/-/invariant-2.2.4.tgz",
      "integrity": "sha512-phJfQVBuaJM5raOpJjSfkiD6BpbCE4Ns//LaXl6wGYtUBY83nWS6Rf9tXm2e8VaK60JEjYldbPif/A2B1C2gNA==",
      "requires": {
        "loose-envify": "^1.0.0"
      }
    },
    "is-stream": {
      "version": "1.1.0",
      "resolved": "https://registry.npmjs.org/is-stream/-/is-stream-1.1.0.tgz",
      "integrity": "sha1-EtSj3U5o4Lec6428hBc66A2RykQ="
    },
    "isarray": {
      "version": "0.0.1",
      "resolved": "https://registry.npmjs.org/isarray/-/isarray-0.0.1.tgz",
      "integrity": "sha1-ihis/Kmo9Bd+Cav8YDiTmwXR7t8="
    },
    "isomorphic-fetch": {
      "version": "2.2.1",
      "resolved": "https://registry.npmjs.org/isomorphic-fetch/-/isomorphic-fetch-2.2.1.tgz",
      "integrity": "sha1-YRrhrPFPXoH3KVB0coGf6XM1WKk=",
      "requires": {
        "node-fetch": "^1.0.1",
        "whatwg-fetch": ">=0.10.0"
      }
    },
    "js-tokens": {
      "version": "4.0.0",
      "resolved": "https://registry.npmjs.org/js-tokens/-/js-tokens-4.0.0.tgz",
      "integrity": "sha512-RdJUflcE3cUzKiMqQgsCu06FPu9UdIJO0beYbPhHN4k6apgJtifcoCtT9bcxOpYBtpD2kCM6Sbzg4CausW/PKQ=="
    },
    "lodash": {
      "version": "3.10.1",
      "resolved": "https://registry.npmjs.org/lodash/-/lodash-3.10.1.tgz",
      "integrity": "sha1-W/Rejkm6QYnhfUgnid/RW9FAt7Y="
    },
    "lodash-es": {
      "version": "4.17.11",
      "resolved": "https://registry.npmjs.org/lodash-es/-/lodash-es-4.17.11.tgz",
      "integrity": "sha512-DHb1ub+rMjjrxqlB3H56/6MXtm1lSksDp2rA2cNWjG8mlDUYFhUj3Di2Zn5IwSU87xLv8tNIQ7sSwE/YOX/D/Q=="
    },
    "lodash.assignin": {
      "version": "4.2.0",
      "resolved": "https://registry.npmjs.org/lodash.assignin/-/lodash.assignin-4.2.0.tgz",
      "integrity": "sha1-uo31+4QesKPoBEIysOJjqNxqKKI="
    },
    "lodash.bind": {
      "version": "4.2.1",
      "resolved": "https://registry.npmjs.org/lodash.bind/-/lodash.bind-4.2.1.tgz",
      "integrity": "sha1-euMBfpOWIqwxt9fX3LGzTbFpDTU="
    },
    "lodash.defaults": {
      "version": "4.2.0",
      "resolved": "https://registry.npmjs.org/lodash.defaults/-/lodash.defaults-4.2.0.tgz",
      "integrity": "sha1-0JF4cW/+pN3p5ft7N/bwgCJ0WAw="
    },
    "lodash.filter": {
      "version": "4.6.0",
      "resolved": "https://registry.npmjs.org/lodash.filter/-/lodash.filter-4.6.0.tgz",
      "integrity": "sha1-ZosdSYFgOuHMWm+nYBQ+SAtMSs4="
    },
    "lodash.flatten": {
      "version": "4.4.0",
      "resolved": "https://registry.npmjs.org/lodash.flatten/-/lodash.flatten-4.4.0.tgz",
      "integrity": "sha1-8xwiIlqWMtK7+OSt2+8kCqdlph8="
    },
    "lodash.foreach": {
      "version": "4.5.0",
      "resolved": "https://registry.npmjs.org/lodash.foreach/-/lodash.foreach-4.5.0.tgz",
      "integrity": "sha1-Gmo16s5AEoDH8G3d7DUWWrJ+PlM="
    },
    "lodash.map": {
      "version": "4.6.0",
      "resolved": "https://registry.npmjs.org/lodash.map/-/lodash.map-4.6.0.tgz",
      "integrity": "sha1-dx7Hg540c9nEzeKLGTlMNWL09tM="
    },
    "lodash.merge": {
      "version": "4.6.1",
      "resolved": "https://registry.npmjs.org/lodash.merge/-/lodash.merge-4.6.1.tgz",
      "integrity": "sha512-AOYza4+Hf5z1/0Hztxpm2/xiPZgi/cjMqdnKTUWTBSKchJlxXXuUSxCCl8rJlf4g6yww/j6mA8nC8Hw/EZWxKQ=="
    },
    "lodash.pick": {
      "version": "4.4.0",
      "resolved": "https://registry.npmjs.org/lodash.pick/-/lodash.pick-4.4.0.tgz",
      "integrity": "sha1-UvBWEP/53tQiYRRB7R/BI6AwAbM="
    },
    "lodash.reduce": {
      "version": "4.6.0",
      "resolved": "https://registry.npmjs.org/lodash.reduce/-/lodash.reduce-4.6.0.tgz",
      "integrity": "sha1-8atrg5KZrUj3hKu/R2WW8DuRTTs="
    },
    "lodash.reject": {
      "version": "4.6.0",
      "resolved": "https://registry.npmjs.org/lodash.reject/-/lodash.reject-4.6.0.tgz",
      "integrity": "sha1-gNZJLcFHCGS79YNTO2UfQqn1JBU="
    },
    "lodash.some": {
      "version": "4.6.0",
      "resolved": "https://registry.npmjs.org/lodash.some/-/lodash.some-4.6.0.tgz",
      "integrity": "sha1-G7nzFO9ri63tE7VJFpsqlF62jk0="
    },
    "loose-envify": {
      "version": "1.4.0",
      "resolved": "https://registry.npmjs.org/loose-envify/-/loose-envify-1.4.0.tgz",
      "integrity": "sha512-lyuxPGr/Wfhrlem2CL/UcnUc1zcqKAImBDzukY7Y5F/yQiNdko6+fRLevlw1HgMySw7f611UIY408EtxRSoK3Q==",
      "requires": {
        "js-tokens": "^3.0.0 || ^4.0.0"
      }
    },
    "mousetrap": {
      "version": "1.6.0",
      "resolved": "https://registry.npmjs.org/mousetrap/-/mousetrap-1.6.0.tgz",
      "integrity": "sha1-AWj8q7EdB2aeh0kDJMmBIIEhrE0="
    },
    "multiline": {
      "version": "1.0.2",
      "resolved": "https://registry.npmjs.org/multiline/-/multiline-1.0.2.tgz",
      "integrity": "sha1-abHyX/B00oKJBPJE3dBrfZbvbJM=",
      "requires": {
        "strip-indent": "^1.0.0"
      }
    },
    "node-fetch": {
      "version": "1.7.3",
      "resolved": "https://registry.npmjs.org/node-fetch/-/node-fetch-1.7.3.tgz",
      "integrity": "sha512-NhZ4CsKx7cYm2vSrBAr2PvFOe6sWDf0UYLRqA6svUYg7+/TSfVAu49jYC4BvQ4Sms9SZgdqGBgroqfDhJdTyKQ==",
      "requires": {
        "encoding": "^0.1.11",
        "is-stream": "^1.0.1"
      }
    },
    "nth-check": {
      "version": "1.0.2",
      "resolved": "https://registry.npmjs.org/nth-check/-/nth-check-1.0.2.tgz",
      "integrity": "sha512-WeBOdju8SnzPN5vTUJYxYUxLeXpCaVP5i5e0LF8fg7WORF2Wd7wFX/pk0tYZk7s8T+J7VLy0Da6J1+wCT0AtHg==",
      "requires": {
        "boolbase": "~1.0.0"
      }
    },
    "object-assign": {
      "version": "4.1.1",
      "resolved": "https://registry.npmjs.org/object-assign/-/object-assign-4.1.1.tgz",
      "integrity": "sha1-IQmtx5ZYh8/AXLvUQsrIv7s2CGM="
    },
    "promise": {
      "version": "7.3.1",
      "resolved": "https://registry.npmjs.org/promise/-/promise-7.3.1.tgz",
      "integrity": "sha512-nolQXZ/4L+bP/UGlkfaIujX9BKxGwmQ9OT4mOt5yvy8iK1h3wqTEJCijzGANTCCl9nWjY41juyAn2K3Q1hLLTg==",
      "requires": {
        "asap": "~2.0.3"
      }
    },
    "prop-types": {
      "version": "15.7.2",
      "resolved": "https://registry.npmjs.org/prop-types/-/prop-types-15.7.2.tgz",
      "integrity": "sha512-8QQikdH7//R2vurIJSutZ1smHYTcLpRWEOlHnzcWHmBYrOGUysKwSsrC89BCiFj3CbrfJ/nXFdJepOVrY1GCHQ==",
      "requires": {
        "loose-envify": "^1.4.0",
        "object-assign": "^4.1.1",
        "react-is": "^16.8.1"
      }
    },
    "react": {
      "version": "15.4.1",
      "resolved": "https://registry.npmjs.org/react/-/react-15.4.1.tgz",
      "integrity": "sha1-SY6RhgJnejmDzQ/SBt/nADiaDdY=",
      "requires": {
        "fbjs": "^0.8.4",
        "loose-envify": "^1.1.0",
        "object-assign": "^4.1.0"
      }
    },
    "react-addons-css-transition-group": {
      "version": "15.4.1",
      "resolved": "https://registry.npmjs.org/react-addons-css-transition-group/-/react-addons-css-transition-group-15.4.1.tgz",
      "integrity": "sha1-YLEz+sURbkAJ5WqwZ03C3cwaGPY="
    },
    "react-dom": {
      "version": "15.4.1",
      "resolved": "https://registry.npmjs.org/react-dom/-/react-dom-15.4.1.tgz",
      "integrity": "sha1-1UyRMmGq7bF63CBBDQKdzBihNEo=",
      "requires": {
        "fbjs": "^0.8.1",
        "loose-envify": "^1.1.0",
        "object-assign": "^4.1.0"
      }
    },
    "react-helmet": {
      "version": "3.3.2",
      "resolved": "https://registry.npmjs.org/react-helmet/-/react-helmet-3.3.2.tgz",
      "integrity": "sha1-DVqYWspvugMxMx+1Z8o9lmgaOBw=",
      "requires": {
        "deep-equal": "1.0.1",
        "object-assign": "^4.0.1",
        "react-side-effect": "^1.1.0"
      }
    },
    "react-immutable-proptypes": {
      "version": "2.1.0",
      "resolved": "https://registry.npmjs.org/react-immutable-proptypes/-/react-immutable-proptypes-2.1.0.tgz",
      "integrity": "sha1-Aj1vObsVyXwHHp5g0A0TbqxfoLQ="
    },
    "react-intl": {
      "version": "2.9.0",
      "resolved": "https://registry.npmjs.org/react-intl/-/react-intl-2.9.0.tgz",
      "integrity": "sha512-27jnDlb/d2A7mSJwrbOBnUgD+rPep+abmoJE511Tf8BnoONIAUehy/U1zZCHGO17mnOwMWxqN4qC0nW11cD6rA==",
      "requires": {
        "hoist-non-react-statics": "^3.3.0",
        "intl-format-cache": "^2.0.5",
        "intl-messageformat": "^2.1.0",
        "intl-relativeformat": "^2.1.0",
        "invariant": "^2.1.1"
      }
    },
    "react-is": {
      "version": "16.8.6",
      "resolved": "https://registry.npmjs.org/react-is/-/react-is-16.8.6.tgz",
      "integrity": "sha512-aUk3bHfZ2bRSVFFbbeVS4i+lNPZr3/WM5jT2J5omUVV1zzcs1nAaf3l51ctA5FFvCRbhrH0bdAsRRQddFJZPtA=="
    },
    "react-redux": {
      "version": "4.4.10",
      "resolved": "https://registry.npmjs.org/react-redux/-/react-redux-4.4.10.tgz",
      "integrity": "sha512-tjL0Bmpkj75Td0k+lXlF8Fc8a9GuXFv/3ahUOCXExWs/jhsKiQeTffdH0j5byejCGCRL4tvGFYlrwBF1X/Aujg==",
      "requires": {
        "create-react-class": "^15.5.1",
        "hoist-non-react-statics": "^3.3.0",
        "invariant": "^2.0.0",
        "lodash": "^4.17.11",
        "loose-envify": "^1.4.0",
        "prop-types": "^15.7.2"
      },
      "dependencies": {
        "lodash": {
          "version": "4.17.11",
          "resolved": "https://registry.npmjs.org/lodash/-/lodash-4.17.11.tgz",
          "integrity": "sha512-cQKh8igo5QUhZ7lg38DYWAxMvjSAKG0A8wGSVimP07SIUEK2UO+arSRKbRZWtelMtN5V0Hkwh5ryOto/SshYIg=="
        }
      }
    },
    "react-safe-html": {
      "version": "0.4.0",
      "resolved": "https://registry.npmjs.org/react-safe-html/-/react-safe-html-0.4.0.tgz",
      "integrity": "sha1-Z9HgZBi0Rp2bbkjp/KDd6hzjiWY=",
      "requires": {
        "cheerio": "^0.22.0",
        "html-entities": "^1.2.0",
        "htmlparser2": "^3.9.1"
      },
      "dependencies": {
        "cheerio": {
          "version": "0.22.0",
          "resolved": "https://registry.npmjs.org/cheerio/-/cheerio-0.22.0.tgz",
          "integrity": "sha1-qbqoYKP5tZWmuBsahocxIe06Jp4=",
          "requires": {
            "css-select": "~1.2.0",
            "dom-serializer": "~0.1.0",
            "entities": "~1.1.1",
            "htmlparser2": "^3.9.1",
            "lodash.assignin": "^4.0.9",
            "lodash.bind": "^4.1.4",
            "lodash.defaults": "^4.0.1",
            "lodash.filter": "^4.4.0",
            "lodash.flatten": "^4.2.0",
            "lodash.foreach": "^4.3.0",
            "lodash.map": "^4.4.0",
            "lodash.merge": "^4.4.0",
            "lodash.pick": "^4.2.1",
            "lodash.reduce": "^4.4.0",
            "lodash.reject": "^4.4.0",
            "lodash.some": "^4.4.0"
          }
        },
        "css-select": {
          "version": "1.2.0",
          "resolved": "https://registry.npmjs.org/css-select/-/css-select-1.2.0.tgz",
          "integrity": "sha1-KzoRBTnFNV8c2NMUYj6HCxIeyFg=",
          "requires": {
            "boolbase": "~1.0.0",
            "css-what": "2.1",
            "domutils": "1.5.1",
            "nth-check": "~1.0.1"
          }
        },
        "css-what": {
          "version": "2.1.3",
          "resolved": "https://registry.npmjs.org/css-what/-/css-what-2.1.3.tgz",
          "integrity": "sha512-a+EPoD+uZiNfh+5fxw2nO9QwFa6nJe2Or35fGY6Ipw1R3R4AGz1d1TEZrCegvw2YTmZ0jXirGYlzxxpYSHwpEg=="
        },
        "domutils": {
          "version": "1.5.1",
          "resolved": "https://registry.npmjs.org/domutils/-/domutils-1.5.1.tgz",
          "integrity": "sha1-3NhIiib1Y9YQeeSMn3t+Mjc2gs8=",
          "requires": {
            "dom-serializer": "0",
            "domelementtype": "1"
          }
        },
        "htmlparser2": {
          "version": "3.10.1",
          "resolved": "https://registry.npmjs.org/htmlparser2/-/htmlparser2-3.10.1.tgz",
          "integrity": "sha512-IgieNijUMbkDovyoKObU1DUhm1iwNYE/fuifEoEHfd1oZKZDaONBSkal7Y01shxsM49R4XaMdGez3WnF9UfiCQ==",
          "requires": {
            "domelementtype": "^1.3.1",
            "domhandler": "^2.3.0",
            "domutils": "^1.5.1",
            "entities": "^1.1.1",
            "inherits": "^2.0.1",
            "readable-stream": "^3.1.1"
          }
        },
        "readable-stream": {
          "version": "3.4.0",
          "resolved": "https://registry.npmjs.org/readable-stream/-/readable-stream-3.4.0.tgz",
          "integrity": "sha512-jItXPLmrSR8jmTRmRWJXCnGJsfy85mB3Wd/uINMXA65yrnFo0cPClFIUWzo2najVNSl+mx7/4W8ttlLWJe99pQ==",
          "requires": {
            "inherits": "^2.0.3",
            "string_decoder": "^1.1.1",
            "util-deprecate": "^1.0.1"
          }
        },
        "string_decoder": {
          "version": "1.2.0",
          "resolved": "https://registry.npmjs.org/string_decoder/-/string_decoder-1.2.0.tgz",
          "integrity": "sha512-6YqyX6ZWEYguAxgZzHGL7SsCeGx3V2TtOTqZz1xSTSWnqsbWwbptafNyvf/ACquZUXV3DANr5BDIwNYe1mN42w==",
          "requires": {
            "safe-buffer": "~5.1.0"
          }
        }
      }
    },
    "react-side-effect": {
      "version": "1.1.5",
      "resolved": "https://registry.npmjs.org/react-side-effect/-/react-side-effect-1.1.5.tgz",
      "integrity": "sha512-Z2ZJE4p/jIfvUpiUMRydEVpQRf2f8GMHczT6qLcARmX7QRb28JDBTpnM2g/i5y/p7ZDEXYGHWg0RbhikE+hJRw==",
      "requires": {
        "exenv": "^1.2.1",
        "shallowequal": "^1.0.1"
      }
    },
    "readable-stream": {
      "version": "1.1.14",
      "resolved": "https://registry.npmjs.org/readable-stream/-/readable-stream-1.1.14.tgz",
      "integrity": "sha1-fPTFTvZI44EwhMY23SB54WbAgdk=",
      "requires": {
        "core-util-is": "~1.0.0",
        "inherits": "~2.0.1",
        "isarray": "0.0.1",
        "string_decoder": "~0.10.x"
      }
    },
    "redux": {
      "version": "3.7.2",
      "resolved": "https://registry.npmjs.org/redux/-/redux-3.7.2.tgz",
      "integrity": "sha512-pNqnf9q1hI5HHZRBkj3bAngGZW/JMCmexDlOxw4XagXY2o1327nHH54LoTjiPJ0gizoqPDRqWyX/00g0hD6w+A==",
      "requires": {
        "lodash": "^4.2.1",
        "lodash-es": "^4.2.1",
        "loose-envify": "^1.1.0",
        "symbol-observable": "^1.0.3"
      },
      "dependencies": {
        "lodash": {
          "version": "4.17.11",
          "resolved": "https://registry.npmjs.org/lodash/-/lodash-4.17.11.tgz",
          "integrity": "sha512-cQKh8igo5QUhZ7lg38DYWAxMvjSAKG0A8wGSVimP07SIUEK2UO+arSRKbRZWtelMtN5V0Hkwh5ryOto/SshYIg=="
        }
      }
    },
    "redux-thunk": {
      "version": "2.3.0",
      "resolved": "https://registry.npmjs.org/redux-thunk/-/redux-thunk-2.3.0.tgz",
      "integrity": "sha512-km6dclyFnmcvxhAcrQV2AkZmPQjzPDjgVlQtR0EQjxZPyJ0BnMf3in1ryuR8A2qU0HldVRfxYXbFSKlI3N7Slw=="
    },
    "reflexbox": {
      "version": "2.2.3",
      "resolved": "https://registry.npmjs.org/reflexbox/-/reflexbox-2.2.3.tgz",
      "integrity": "sha1-m5zpg9vmd86/OpTPLFC4FX9QwNE=",
      "requires": {
        "robox": "^1.0.0-beta.8",
        "ruled": "^1.0.1"
      }
    },
    "regenerator-runtime": {
      "version": "0.13.2",
      "resolved": "https://registry.npmjs.org/regenerator-runtime/-/regenerator-runtime-0.13.2.tgz",
      "integrity": "sha512-S/TQAZJO+D3m9xeN1WTI8dLKBBiRgXBlTJvbWjCThHWZj9EvHK70Ff50/tYj2J/fvBY6JtFVwRuazHN2E7M9BA=="
    },
    "resolve-pathname": {
      "version": "2.2.0",
      "resolved": "https://registry.npmjs.org/resolve-pathname/-/resolve-pathname-2.2.0.tgz",
      "integrity": "sha512-bAFz9ld18RzJfddgrO2e/0S2O81710++chRMUxHjXOYKF6jTAMrUNZrEZ1PvV0zlhfjidm08iRPdTLPno1FuRg=="
    },
    "robox": {
      "version": "1.0.0-beta.8",
      "resolved": "https://registry.npmjs.org/robox/-/robox-1.0.0-beta.8.tgz",
      "integrity": "sha1-mq7h2s84qMTKRYSoABKuurVxHHM=",
      "requires": {
        "understyle": "^1.2.0"
      }
    },
    "ruled": {
      "version": "1.0.1",
      "resolved": "https://registry.npmjs.org/ruled/-/ruled-1.0.1.tgz",
      "integrity": "sha1-gwGhrMydLhS2UC/KcDNYIzXCwPQ="
    },
    "safe-buffer": {
      "version": "5.1.2",
      "resolved": "https://registry.npmjs.org/safe-buffer/-/safe-buffer-5.1.2.tgz",
      "integrity": "sha512-Gd2UZBJDkXlY7GbJxfsE8/nvKkUEU1G38c1siN6QP6a9PT9MmHB8GnpscSmMJSoF8LOIrt8ud/wPtojys4G6+g=="
    },
    "safer-buffer": {
      "version": "2.1.2",
      "resolved": "https://registry.npmjs.org/safer-buffer/-/safer-buffer-2.1.2.tgz",
      "integrity": "sha512-YZo3K82SD7Riyi0E1EQPojLz7kpepnSQI9IyPbHHg1XXXevb5dJI7tpyN2ADxGcQbHG7vcyRHk0cbwqcQriUtg=="
    },
    "setimmediate": {
      "version": "1.0.5",
      "resolved": "https://registry.npmjs.org/setimmediate/-/setimmediate-1.0.5.tgz",
      "integrity": "sha1-KQy7Iy4waULX1+qbg3Mqt4VvgoU="
    },
    "shallowequal": {
      "version": "1.1.0",
      "resolved": "https://registry.npmjs.org/shallowequal/-/shallowequal-1.1.0.tgz",
      "integrity": "sha512-y0m1JoUZSlPAjXVtPPW70aZWfIL/dSP7AFkRnniLCrK/8MDKog3TySTBmckD+RObVxH0v4Tox67+F14PdED2oQ=="
    },
    "string_decoder": {
      "version": "0.10.31",
      "resolved": "https://registry.npmjs.org/string_decoder/-/string_decoder-0.10.31.tgz",
      "integrity": "sha1-YuIDvEF2bGwoyfyEMB2rHFMQ+pQ="
    },
    "strip-indent": {
      "version": "1.0.1",
      "resolved": "https://registry.npmjs.org/strip-indent/-/strip-indent-1.0.1.tgz",
      "integrity": "sha1-DHlipq3vp7vUrDZkYKY4VSrhoKI=",
      "requires": {
        "get-stdin": "^4.0.1"
      }
    },
    "symbol-observable": {
      "version": "1.2.0",
      "resolved": "https://registry.npmjs.org/symbol-observable/-/symbol-observable-1.2.0.tgz",
      "integrity": "sha512-e900nM8RRtGhlV36KGEU9k65K3mPb1WV70OdjfxlG2EAuM1noi/E/BaW/uMhL7bPEssK8QV57vN3esixjUvcXQ=="
    },
    "tiny-invariant": {
      "version": "1.0.4",
      "resolved": "https://registry.npmjs.org/tiny-invariant/-/tiny-invariant-1.0.4.tgz",
      "integrity": "sha512-lMhRd/djQJ3MoaHEBrw8e2/uM4rs9YMNk0iOr8rHQ0QdbM7D4l0gFl3szKdeixrlyfm9Zqi4dxHCM2qVG8ND5g=="
    },
    "tiny-warning": {
      "version": "1.0.2",
      "resolved": "https://registry.npmjs.org/tiny-warning/-/tiny-warning-1.0.2.tgz",
      "integrity": "sha512-rru86D9CpQRLvsFG5XFdy0KdLAvjdQDyZCsRcuu60WtzFylDM3eAWSxEVz5kzL2Gp544XiUvPbVKtOA/txLi9Q=="
    },
    "toggle-selection": {
      "version": "1.0.6",
      "resolved": "https://registry.npmjs.org/toggle-selection/-/toggle-selection-1.0.6.tgz",
      "integrity": "sha1-bkWxJj8gF/oKzH2J14sVuL932jI="
    },
    "ua-parser-js": {
      "version": "0.7.19",
      "resolved": "https://registry.npmjs.org/ua-parser-js/-/ua-parser-js-0.7.19.tgz",
      "integrity": "sha512-T3PVJ6uz8i0HzPxOF9SWzWAlfN/DavlpQqepn22xgve/5QecC+XMCAtmUNnY7C9StehaV6exjUCI801lOI7QlQ=="
    },
    "underscore": {
      "version": "1.8.3",
      "resolved": "https://registry.npmjs.org/underscore/-/underscore-1.8.3.tgz",
      "integrity": "sha1-Tz+1OxBuYJf8+ctBCfKl6b36UCI="
    },
    "understyle": {
      "version": "1.3.0",
      "resolved": "https://registry.npmjs.org/understyle/-/understyle-1.3.0.tgz",
      "integrity": "sha1-3z+am+lnedcYw9qVmPrRwvkPJO4=",
      "requires": {
        "object-assign": "^4.1.0"
      }
    },
    "util-deprecate": {
      "version": "1.0.2",
      "resolved": "https://registry.npmjs.org/util-deprecate/-/util-deprecate-1.0.2.tgz",
      "integrity": "sha1-RQ1Nyfpw3nMnYvvS1KKJgUGaDM8="
    },
    "value-equal": {
      "version": "0.4.0",
      "resolved": "https://registry.npmjs.org/value-equal/-/value-equal-0.4.0.tgz",
      "integrity": "sha512-x+cYdNnaA3CxvMaTX0INdTCN8m8aF2uY9BvEqmxuYp8bL09cs/kWVQPVGcA35fMktdOsP69IgU7wFj/61dJHEw=="
    },
    "whatwg-fetch": {
      "version": "1.1.1",
      "resolved": "https://registry.npmjs.org/whatwg-fetch/-/whatwg-fetch-1.1.1.tgz",
      "integrity": "sha1-rDydOfMgxtzlM5lp0FTvQ90zMxk="
    }
  }
}
